
Microsoft Visual Studio Solution File, Format Version 12.00
# Visual Studio Version 16
VisualStudioVersion = 16.0.31702.278
MinimumVisualStudioVersion = 10.0.40219.1
Project("{FAE04EC0-301F-11D3-BF4B-00C04F79EFBC}") = "laba 3.2 sem 2", "laba 3.2 sem 2.csproj", "{34AF1C57-2759-4A1F-82A6-9C3AFF97416B}"
EndProject
Global
	GlobalSection(SolutionConfigurationPlatforms) = preSolution
		Debug|Any CPU = Debug|Any CPU
		Release|Any CPU = Release|Any CPU
	EndGlobalSection
	GlobalSection(ProjectConfigurationPlatforms) = postSolution
		{34AF1C57-2759-4A1F-82A6-9C3AFF97416B}.Debug|Any CPU.ActiveCfg = Debug|Any CPU
		{34AF1C57-2759-4A1F-82A6-9C3AFF97416B}.Debug|Any CPU.Build.0 = Debug|Any CPU
		{34AF1C57-2759-4A1F-82A6-9C3AFF97416B}.Release|Any CPU.ActiveCfg = Release|Any CPU
		{34AF1C57-2759-4A1F-82A6-9C3AFF97416B}.Release|Any CPU.Build.0 = Release|Any CPU
	EndGlobalSection
	GlobalSection(SolutionProperties) = preSolution
		HideSolutionNode = FALSE
	EndGlobalSection
	GlobalSection(ExtensibilityGlobals) = postSolution
		SolutionGuid = {536D68B7-1ADD-4CC4-9F68-E5B47E815A88}
	EndGlobalSection
EndGlobal
